
Microsoft Visual Studio Solution File, Format Version 12.00
# Visual Studio 15
VisualStudioVersion = 15.0.27705.2000
MinimumVisualStudioVersion = 10.0.40219.1
Project("{9A19103F-16F7-4668-BE54-9A1E7A4F7556}") = "SUSTechSakaiSync.CLI", "SUSTechSakaiSync.CLI\SUSTechSakaiSync.CLI.csproj", "{4A1687F7-0CFC-40EB-80C1-E0A4FFE66663}"
EndProject
Global
	GlobalSection(SolutionConfigurationPlatforms) = preSolution
		Debug|Any CPU = Debug|Any CPU
		Release|Any CPU = Release|Any CPU
	EndGlobalSection
	GlobalSection(ProjectConfigurationPlatforms) = postSolution
		{4A1687F7-0CFC-40EB-80C1-E0A4FFE66663}.Debug|Any CPU.ActiveCfg = Debug|Any CPU
		{4A1687F7-0CFC-40EB-80C1-E0A4FFE66663}.Debug|Any CPU.Build.0 = Debug|Any CPU
		{4A1687F7-0CFC-40EB-80C1-E0A4FFE66663}.Release|Any CPU.ActiveCfg = Release|Any CPU
		{4A1687F7-0CFC-40EB-80C1-E0A4FFE66663}.Release|Any CPU.Build.0 = Release|Any CPU
	EndGlobalSection
	GlobalSection(SolutionProperties) = preSolution
		HideSolutionNode = FALSE
	EndGlobalSection
	GlobalSection(ExtensibilityGlobals) = postSolution
		SolutionGuid = {E5EBA754-1B50-4D0A-9D71-4387B7DA8878}
	EndGlobalSection
EndGlobal
