
Microsoft Visual Studio Solution File, Format Version 12.00
# Visual Studio 15
VisualStudioVersion = 15.0.27705.2000
MinimumVisualStudioVersion = 10.0.40219.1
Project("{6EC3EE1D-3C4E-46DD-8F32-0CC8E7565705}") = "SUSTechSakaiSync.CLI", "SUSTechSakaiSync.CLI\SUSTechSakaiSync.CLI.fsproj", "{21608B5E-05AA-4804-A07F-564293EC1F01}"
EndProject
Global
	GlobalSection(SolutionConfigurationPlatforms) = preSolution
		Debug|Any CPU = Debug|Any CPU
		Release|Any CPU = Release|Any CPU
	EndGlobalSection
	GlobalSection(ProjectConfigurationPlatforms) = postSolution
		{21608B5E-05AA-4804-A07F-564293EC1F01}.Debug|Any CPU.ActiveCfg = Debug|Any CPU
		{21608B5E-05AA-4804-A07F-564293EC1F01}.Debug|Any CPU.Build.0 = Debug|Any CPU
		{21608B5E-05AA-4804-A07F-564293EC1F01}.Release|Any CPU.ActiveCfg = Release|Any CPU
		{21608B5E-05AA-4804-A07F-564293EC1F01}.Release|Any CPU.Build.0 = Release|Any CPU
	EndGlobalSection
	GlobalSection(SolutionProperties) = preSolution
		HideSolutionNode = FALSE
	EndGlobalSection
	GlobalSection(ExtensibilityGlobals) = postSolution
		SolutionGuid = {E5EBA754-1B50-4D0A-9D71-4387B7DA8878}
	EndGlobalSection
EndGlobal
